
Microsoft Visual Studio Solution File, Format Version 12.00
# Visual Studio Version 16
VisualStudioVersion = 16.0.30225.117
MinimumVisualStudioVersion = 10.0.40219.1
Project("{FAE04EC0-301F-11D3-BF4B-00C04F79EFBC}") = "GrupoSymExemploTokenCSharp", "GrupoSymExemploTokenCSharp\GrupoSymExemploTokenCSharp.csproj", "{3BFCA86F-8DC7-40C4-AE35-4316E170D015}"
EndProject
Global
	GlobalSection(SolutionConfigurationPlatforms) = preSolution
		Debug|Any CPU = Debug|Any CPU
		Release|Any CPU = Release|Any CPU
	EndGlobalSection
	GlobalSection(ProjectConfigurationPlatforms) = postSolution
		{3BFCA86F-8DC7-40C4-AE35-4316E170D015}.Debug|Any CPU.ActiveCfg = Debug|Any CPU
		{3BFCA86F-8DC7-40C4-AE35-4316E170D015}.Debug|Any CPU.Build.0 = Debug|Any CPU
		{3BFCA86F-8DC7-40C4-AE35-4316E170D015}.Release|Any CPU.ActiveCfg = Release|Any CPU
		{3BFCA86F-8DC7-40C4-AE35-4316E170D015}.Release|Any CPU.Build.0 = Release|Any CPU
	EndGlobalSection
	GlobalSection(SolutionProperties) = preSolution
		HideSolutionNode = FALSE
	EndGlobalSection
	GlobalSection(ExtensibilityGlobals) = postSolution
		SolutionGuid = {AC289ACC-347E-4FF1-9F05-9E70268112A1}
	EndGlobalSection
EndGlobal
